
Microsoft Visual Studio Solution File, Format Version 12.00
# Visual Studio Version 16
VisualStudioVersion = 16.0.33027.164
MinimumVisualStudioVersion = 10.0.40219.1
Project("{FAE04EC0-301F-11D3-BF4B-00C04F79EFBC}") = "WpfFrmApp1", "WpfFrmApp1\WpfFrmApp1.csproj", "{91B138D8-3603-4FAE-991B-0F05867AFE1C}"
EndProject
Global
	GlobalSection(SolutionConfigurationPlatforms) = preSolution
		Debug|Any CPU = Debug|Any CPU
		Release|Any CPU = Release|Any CPU
	EndGlobalSection
	GlobalSection(ProjectConfigurationPlatforms) = postSolution
		{91B138D8-3603-4FAE-991B-0F05867AFE1C}.Debug|Any CPU.ActiveCfg = Debug|Any CPU
		{91B138D8-3603-4FAE-991B-0F05867AFE1C}.Debug|Any CPU.Build.0 = Debug|Any CPU
		{91B138D8-3603-4FAE-991B-0F05867AFE1C}.Release|Any CPU.ActiveCfg = Release|Any CPU
		{91B138D8-3603-4FAE-991B-0F05867AFE1C}.Release|Any CPU.Build.0 = Release|Any CPU
	EndGlobalSection
	GlobalSection(SolutionProperties) = preSolution
		HideSolutionNode = FALSE
	EndGlobalSection
	GlobalSection(ExtensibilityGlobals) = postSolution
		SolutionGuid = {CF6A0BFE-3A65-4AAB-A7E6-01900FB30043}
	EndGlobalSection
EndGlobal
